# This file is generated by running "yarn install" inside your project.
# Manual changes might be lost - proceed with caution!

__metadata:
  version: 6
  cacheKey: 8

"@types/node@npm:^20.12.4":
  version: 20.12.4
  resolution: "@types/node@npm:20.12.4"
  dependencies:
    undici-types: ~5.26.4
  checksum: c29879642bd4f1f35ffc6e2356121c5ffdb6530d41db1e6ac013c6fbd1dfa4b213b9529a1213cf1f320f801423d00301176ffb41689f790b0cd8c1e82fe3ee74
  languageName: node
  linkType: hard

"dotenv@npm:^16.4.5":
  version: 16.4.5
  resolution: "dotenv@npm:16.4.5"
  checksum: 301a12c3d44fd49888b74eb9ccf9f07a1f5df43f489e7fcb89647a2edcd84c42d6bc349dc8df099cd18f07c35c7b04685c1a4f3e6a6a9e6b30f8d48c15b7f49c
  languageName: node
  linkType: hard

"gittyloggy@workspace:.":
  version: 0.0.0-use.local
  resolution: "gittyloggy@workspace:."
  dependencies:
    "@types/node": ^20.12.4
    dotenv: ^16.4.5
    typescript: ^5.4.4
  bin:
    cl: ./dist/index.js
  languageName: unknown
  linkType: soft

"typescript@npm:^5.4.4":
  version: 5.4.4
  resolution: "typescript@npm:5.4.4"
  bin:
    tsc: bin/tsc
    tsserver: bin/tsserver
  checksum: a7b54515d2adfc75c8d14188af0216b6b9ae3c192c9732797c24b1d14608eac1c83be7b1c65ce6f4ced0f2c40583f11b495fe1ba3d982afadbcc523517d183c8
  languageName: node
  linkType: hard

"typescript@patch:typescript@^5.4.4#~builtin<compat/typescript>":
  version: 5.4.4
  resolution: "typescript@patch:typescript@npm%3A5.4.4#~builtin<compat/typescript>::version=5.4.4&hash=14eedb"
  bin:
    tsc: bin/tsc
    tsserver: bin/tsserver
  checksum: 34e8fe6b892736204c6c72ae9e3027fb37f23e34cf748340712101cbe9c55527c379c4d275c407e5c66ff73eca56c7425b1fb4ac5b23dc7a62413cf6a8af98e8
  languageName: node
  linkType: hard

"undici-types@npm:~5.26.4":
  version: 5.26.5
  resolution: "undici-types@npm:5.26.5"
  checksum: 3192ef6f3fd5df652f2dc1cd782b49d6ff14dc98e5dced492aa8a8c65425227da5da6aafe22523c67f035a272c599bb89cfe803c1db6311e44bed3042fc25487
  languageName: node
  linkType: hard
